# This file is automatically @generated by Cargo.
# It is not intended for manual editing.
version = 3

[[package]]
name = "mutest-mutations"
version = "0.0.0"

[[package]]
name = "mutest-runtime"
version = "0.0.0"

[[package]]
name = "mutest-test"
version = "0.1.0"
dependencies = [
 "mutest-mutations",
 "mutest-runtime",
]
