# This file is automatically @generated by Cargo.
# It is not intended for manual editing.
version = 3

[[package]]
name = "mutest"
version = "0.0.0"
dependencies = [
 "mutest-driver",
]

[[package]]
name = "mutest-core"
version = "0.0.0"

[[package]]
name = "mutest-driver"
version = "0.0.0"

[[package]]
name = "mutest-mutations"
version = "0.0.0"

[[package]]
name = "mutest-runtime"
version = "0.0.0"
